
Microsoft Visual Studio Solution File, Format Version 12.00
# Visual Studio Version 16
VisualStudioVersion = 16.0.30907.101
MinimumVisualStudioVersion = 10.0.40219.1
Project("{9A19103F-16F7-4668-BE54-9A1E7A4F7556}") = "FeedMail", "FeedMail\FeedMail.csproj", "{FA03F362-FA1E-40A4-A8DF-43E2CC94135B}"
EndProject
Global
	GlobalSection(SolutionConfigurationPlatforms) = preSolution
		Debug|Any CPU = Debug|Any CPU
		Release|Any CPU = Release|Any CPU
	EndGlobalSection
	GlobalSection(ProjectConfigurationPlatforms) = postSolution
		{FA03F362-FA1E-40A4-A8DF-43E2CC94135B}.Debug|Any CPU.ActiveCfg = Debug|Any CPU
		{FA03F362-FA1E-40A4-A8DF-43E2CC94135B}.Debug|Any CPU.Build.0 = Debug|Any CPU
		{FA03F362-FA1E-40A4-A8DF-43E2CC94135B}.Release|Any CPU.ActiveCfg = Release|Any CPU
		{FA03F362-FA1E-40A4-A8DF-43E2CC94135B}.Release|Any CPU.Build.0 = Release|Any CPU
	EndGlobalSection
	GlobalSection(SolutionProperties) = preSolution
		HideSolutionNode = FALSE
	EndGlobalSection
	GlobalSection(ExtensibilityGlobals) = postSolution
		SolutionGuid = {84F0DB7B-79AC-4F24-BDC3-95EFCC081552}
	EndGlobalSection
EndGlobal
